
Microsoft Visual Studio Solution File, Format Version 11.00
# Visual Studio 2010
Project("{FAE04EC0-301F-11D3-BF4B-00C04F79EFBC}") = "PMyWidget", "PMyWidget\PMyWidget.csproj", "{F5EFD8D0-453F-4894-9C4D-BDEF92ADFF5A}"
EndProject
Global
	GlobalSection(SolutionConfigurationPlatforms) = preSolution
		Debug|x86 = Debug|x86
		Release|x86 = Release|x86
	EndGlobalSection
	GlobalSection(ProjectConfigurationPlatforms) = postSolution
		{F5EFD8D0-453F-4894-9C4D-BDEF92ADFF5A}.Debug|x86.ActiveCfg = Debug|x86
		{F5EFD8D0-453F-4894-9C4D-BDEF92ADFF5A}.Debug|x86.Build.0 = Debug|x86
		{F5EFD8D0-453F-4894-9C4D-BDEF92ADFF5A}.Release|x86.ActiveCfg = Release|x86
		{F5EFD8D0-453F-4894-9C4D-BDEF92ADFF5A}.Release|x86.Build.0 = Release|x86
	EndGlobalSection
	GlobalSection(MonoDevelopProperties) = preSolution
		StartupItem = PMyWidget\PMyWidget.csproj
	EndGlobalSection
EndGlobal
